
Microsoft Visual Studio Solution File, Format Version 12.00
# Visual Studio Version 17
VisualStudioVersion = 17.3.32929.385
MinimumVisualStudioVersion = 10.0.40219.1
Project("{FAE04EC0-301F-11D3-BF4B-00C04F79EFBC}") = "AppCircles", "AppCircles.csproj", "{50481B46-81BB-46D8-AADC-55FE2719D5B3}"
EndProject
Global
	GlobalSection(SolutionConfigurationPlatforms) = preSolution
		Debug|Any CPU = Debug|Any CPU
		Release|Any CPU = Release|Any CPU
	EndGlobalSection
	GlobalSection(ProjectConfigurationPlatforms) = postSolution
		{50481B46-81BB-46D8-AADC-55FE2719D5B3}.Debug|Any CPU.ActiveCfg = Debug|Any CPU
		{50481B46-81BB-46D8-AADC-55FE2719D5B3}.Debug|Any CPU.Build.0 = Debug|Any CPU
		{50481B46-81BB-46D8-AADC-55FE2719D5B3}.Release|Any CPU.ActiveCfg = Release|Any CPU
		{50481B46-81BB-46D8-AADC-55FE2719D5B3}.Release|Any CPU.Build.0 = Release|Any CPU
	EndGlobalSection
	GlobalSection(SolutionProperties) = preSolution
		HideSolutionNode = FALSE
	EndGlobalSection
	GlobalSection(ExtensibilityGlobals) = postSolution
		SolutionGuid = {637EE7C2-2CEA-4556-BD0F-1599D3466203}
	EndGlobalSection
EndGlobal
